
Microsoft Visual Studio Solution File, Format Version 12.00
# Visual Studio Version 17
VisualStudioVersion = 17.7.33711.374
MinimumVisualStudioVersion = 10.0.40219.1
Project("{9A19103F-16F7-4668-BE54-9A1E7A4F7556}") = "Sqli_CRM_Web_Application", "Sqli_CRM_Web_Application\Sqli_CRM_Web_Application.csproj", "{06DBE3AD-A653-4C03-BEB0-99F1B2B6E00D}"
EndProject
Project("{FAE04EC0-301F-11D3-BF4B-00C04F79EFBC}") = "Sqli_CRM_Web_Application.Test", "Sqli_CRM_Web_Application.Test\Sqli_CRM_Web_Application.Test.csproj", "{23DF4A0D-D8EB-4427-95E9-FEF0A40869E7}"
EndProject
Global
	GlobalSection(SolutionConfigurationPlatforms) = preSolution
		Debug|Any CPU = Debug|Any CPU
		Release|Any CPU = Release|Any CPU
	EndGlobalSection
	GlobalSection(ProjectConfigurationPlatforms) = postSolution
		{06DBE3AD-A653-4C03-BEB0-99F1B2B6E00D}.Debug|Any CPU.ActiveCfg = Debug|Any CPU
		{06DBE3AD-A653-4C03-BEB0-99F1B2B6E00D}.Debug|Any CPU.Build.0 = Debug|Any CPU
		{06DBE3AD-A653-4C03-BEB0-99F1B2B6E00D}.Release|Any CPU.ActiveCfg = Release|Any CPU
		{06DBE3AD-A653-4C03-BEB0-99F1B2B6E00D}.Release|Any CPU.Build.0 = Release|Any CPU
		{23DF4A0D-D8EB-4427-95E9-FEF0A40869E7}.Debug|Any CPU.ActiveCfg = Debug|Any CPU
		{23DF4A0D-D8EB-4427-95E9-FEF0A40869E7}.Debug|Any CPU.Build.0 = Debug|Any CPU
		{23DF4A0D-D8EB-4427-95E9-FEF0A40869E7}.Release|Any CPU.ActiveCfg = Release|Any CPU
		{23DF4A0D-D8EB-4427-95E9-FEF0A40869E7}.Release|Any CPU.Build.0 = Release|Any CPU
	EndGlobalSection
	GlobalSection(SolutionProperties) = preSolution
		HideSolutionNode = FALSE
	EndGlobalSection
	GlobalSection(ExtensibilityGlobals) = postSolution
		SolutionGuid = {C656CDFE-D8F6-40E3-8BA0-D258864F7D71}
	EndGlobalSection
EndGlobal
